
Microsoft Visual Studio Solution File, Format Version 11.00
# Visual Studio 2010
Project("{FAE04EC0-301F-11D3-BF4B-00C04F79EFBC}") = "GoF.Prototype", "GoF.Prototype.csproj", "{76cf61fd-40ab-810d-fb66-64a3edfc34ce}"
EndProject
Project("{FAE04EC0-301F-11D3-BF4B-00C04F79EFBC}") = "GoF.Bridge", "GoF.Bridge.csproj", "{49e789e0-f42c-3558-a02d-b2b5ebfc3393}"
EndProject
Project("{FAE04EC0-301F-11D3-BF4B-00C04F79EFBC}") = "GoF.FactoryMethod", "GoF.FactoryMethod.csproj", "{8516008a-aabc-daa8-6e57-c7ad953db7a0}"
EndProject
Project("{FAE04EC0-301F-11D3-BF4B-00C04F79EFBC}") = "GoF.Adapter", "GoF.Adapter.csproj", "{5cedba76-c069-32b4-d611-f1634366676b}"
EndProject
Project("{FAE04EC0-301F-11D3-BF4B-00C04F79EFBC}") = "GoF.Facade", "GoF.Facade.csproj", "{066cf34e-16c4-f31c-627a-f0896cd771cd}"
EndProject
Project("{FAE04EC0-301F-11D3-BF4B-00C04F79EFBC}") = "GoF.Builder", "GoF.Builder.csproj", "{6bd42fef-4919-e03f-6af9-5d3232420dc6}"
EndProject
Global
	GlobalSection(SolutionConfigurationPlatforms) = preSolution
		Debug|Any CPU = Debug|Any CPU
	EndGlobalSection
	GlobalSection(ProjectConfigurationPlatforms) = postSolution
		{76cf61fd-40ab-810d-fb66-64a3edfc34ce}.Debug|Any CPU.ActiveCfg = Debug|Any CPU
		{76cf61fd-40ab-810d-fb66-64a3edfc34ce}.Debug|Any CPU.Build.0 = Debug|Any CPU
		{49e789e0-f42c-3558-a02d-b2b5ebfc3393}.Debug|Any CPU.ActiveCfg = Debug|Any CPU
		{49e789e0-f42c-3558-a02d-b2b5ebfc3393}.Debug|Any CPU.Build.0 = Debug|Any CPU
		{8516008a-aabc-daa8-6e57-c7ad953db7a0}.Debug|Any CPU.ActiveCfg = Debug|Any CPU
		{8516008a-aabc-daa8-6e57-c7ad953db7a0}.Debug|Any CPU.Build.0 = Debug|Any CPU
		{5cedba76-c069-32b4-d611-f1634366676b}.Debug|Any CPU.ActiveCfg = Debug|Any CPU
		{5cedba76-c069-32b4-d611-f1634366676b}.Debug|Any CPU.Build.0 = Debug|Any CPU
		{066cf34e-16c4-f31c-627a-f0896cd771cd}.Debug|Any CPU.ActiveCfg = Debug|Any CPU
		{066cf34e-16c4-f31c-627a-f0896cd771cd}.Debug|Any CPU.Build.0 = Debug|Any CPU
		{6bd42fef-4919-e03f-6af9-5d3232420dc6}.Debug|Any CPU.ActiveCfg = Debug|Any CPU
		{6bd42fef-4919-e03f-6af9-5d3232420dc6}.Debug|Any CPU.Build.0 = Debug|Any CPU
	EndGlobalSection
	GlobalSection(SolutionProperties) = preSolution
		HideSolutionNode = FALSE
	EndGlobalSection
EndGlobal
