
Microsoft Visual Studio Solution File, Format Version 11.00
# Visual Studio 2010
Project("{FAE04EC0-301F-11D3-BF4B-00C04F79EFBC}") = "Zenject", "Zenject.csproj", "{e18e607c-5f64-b217-9ccc-0519f97d0a71}"
EndProject
Project("{FAE04EC0-301F-11D3-BF4B-00C04F79EFBC}") = "Zenject-IntegrationTests", "Zenject-IntegrationTests.csproj", "{c9625d5a-95f1-4419-d6f2-2d0f46992dc2}"
EndProject
Project("{FAE04EC0-301F-11D3-BF4B-00C04F79EFBC}") = "Zenject-UnitTests-Editor", "Zenject-UnitTests-Editor.csproj", "{f98505a9-edbf-4070-bb82-6c2dd505ec19}"
EndProject
Project("{FAE04EC0-301F-11D3-BF4B-00C04F79EFBC}") = "Zenject-IntegrationTests-Editor", "Zenject-IntegrationTests-Editor.csproj", "{a6b8936d-fcb7-1fc1-15fb-ff1039eb3bfc}"
EndProject
Project("{FAE04EC0-301F-11D3-BF4B-00C04F79EFBC}") = "Zenject-ReflectionBaking-Editor", "Zenject-ReflectionBaking-Editor.csproj", "{a00e6e12-f529-1b21-b944-0fe816e4e33e}"
EndProject
Project("{FAE04EC0-301F-11D3-BF4B-00C04F79EFBC}") = "DOTweenPro.EditorScripts", "DOTweenPro.EditorScripts.csproj", "{ddcb1b14-998c-c138-ffb7-d95ebc019808}"
EndProject
Project("{FAE04EC0-301F-11D3-BF4B-00C04F79EFBC}") = "Zenject-Editor", "Zenject-Editor.csproj", "{7becd075-acbf-25d8-e3b5-3da41c4ac7ac}"
EndProject
Project("{FAE04EC0-301F-11D3-BF4B-00C04F79EFBC}") = "DOTween.Modules", "DOTween.Modules.csproj", "{eccaa0be-e2f3-4d8c-867d-62074a599b86}"
EndProject
Project("{FAE04EC0-301F-11D3-BF4B-00C04F79EFBC}") = "Zenject-TestFramework", "Zenject-TestFramework.csproj", "{2a9b78b1-8840-9526-e732-7ec2274f5e02}"
EndProject
Project("{FAE04EC0-301F-11D3-BF4B-00C04F79EFBC}") = "DOTweenPro.Scripts", "DOTweenPro.Scripts.csproj", "{9390dc7a-417d-4d10-bea6-927688abebf7}"
EndProject
Project("{FAE04EC0-301F-11D3-BF4B-00C04F79EFBC}") = "Zenject-PoolMonitor-Editor", "Zenject-PoolMonitor-Editor.csproj", "{41c9c0ea-8373-39d3-aaba-e0eda16685f6}"
EndProject
Project("{FAE04EC0-301F-11D3-BF4B-00C04F79EFBC}") = "Assembly-CSharp", "Assembly-CSharp.csproj", "{08e40869-b789-ef5e-8097-5c79e60859c3}"
EndProject
Project("{FAE04EC0-301F-11D3-BF4B-00C04F79EFBC}") = "Assembly-CSharp-firstpass", "Assembly-CSharp-firstpass.csproj", "{2f461916-ea71-0c1f-7e47-448e1c7127e3}"
EndProject
Project("{FAE04EC0-301F-11D3-BF4B-00C04F79EFBC}") = "Assembly-CSharp-Editor-firstpass", "Assembly-CSharp-Editor-firstpass.csproj", "{71d6b934-26c6-0007-2b6b-05decf57309b}"
EndProject
Global
	GlobalSection(SolutionConfigurationPlatforms) = preSolution
		Debug|Any CPU = Debug|Any CPU
	EndGlobalSection
	GlobalSection(ProjectConfigurationPlatforms) = postSolution
		{e18e607c-5f64-b217-9ccc-0519f97d0a71}.Debug|Any CPU.ActiveCfg = Debug|Any CPU
		{e18e607c-5f64-b217-9ccc-0519f97d0a71}.Debug|Any CPU.Build.0 = Debug|Any CPU
		{c9625d5a-95f1-4419-d6f2-2d0f46992dc2}.Debug|Any CPU.ActiveCfg = Debug|Any CPU
		{c9625d5a-95f1-4419-d6f2-2d0f46992dc2}.Debug|Any CPU.Build.0 = Debug|Any CPU
		{f98505a9-edbf-4070-bb82-6c2dd505ec19}.Debug|Any CPU.ActiveCfg = Debug|Any CPU
		{f98505a9-edbf-4070-bb82-6c2dd505ec19}.Debug|Any CPU.Build.0 = Debug|Any CPU
		{a6b8936d-fcb7-1fc1-15fb-ff1039eb3bfc}.Debug|Any CPU.ActiveCfg = Debug|Any CPU
		{a6b8936d-fcb7-1fc1-15fb-ff1039eb3bfc}.Debug|Any CPU.Build.0 = Debug|Any CPU
		{a00e6e12-f529-1b21-b944-0fe816e4e33e}.Debug|Any CPU.ActiveCfg = Debug|Any CPU
		{a00e6e12-f529-1b21-b944-0fe816e4e33e}.Debug|Any CPU.Build.0 = Debug|Any CPU
		{ddcb1b14-998c-c138-ffb7-d95ebc019808}.Debug|Any CPU.ActiveCfg = Debug|Any CPU
		{ddcb1b14-998c-c138-ffb7-d95ebc019808}.Debug|Any CPU.Build.0 = Debug|Any CPU
		{7becd075-acbf-25d8-e3b5-3da41c4ac7ac}.Debug|Any CPU.ActiveCfg = Debug|Any CPU
		{7becd075-acbf-25d8-e3b5-3da41c4ac7ac}.Debug|Any CPU.Build.0 = Debug|Any CPU
		{eccaa0be-e2f3-4d8c-867d-62074a599b86}.Debug|Any CPU.ActiveCfg = Debug|Any CPU
		{eccaa0be-e2f3-4d8c-867d-62074a599b86}.Debug|Any CPU.Build.0 = Debug|Any CPU
		{2a9b78b1-8840-9526-e732-7ec2274f5e02}.Debug|Any CPU.ActiveCfg = Debug|Any CPU
		{2a9b78b1-8840-9526-e732-7ec2274f5e02}.Debug|Any CPU.Build.0 = Debug|Any CPU
		{9390dc7a-417d-4d10-bea6-927688abebf7}.Debug|Any CPU.ActiveCfg = Debug|Any CPU
		{9390dc7a-417d-4d10-bea6-927688abebf7}.Debug|Any CPU.Build.0 = Debug|Any CPU
		{41c9c0ea-8373-39d3-aaba-e0eda16685f6}.Debug|Any CPU.ActiveCfg = Debug|Any CPU
		{41c9c0ea-8373-39d3-aaba-e0eda16685f6}.Debug|Any CPU.Build.0 = Debug|Any CPU
		{08e40869-b789-ef5e-8097-5c79e60859c3}.Debug|Any CPU.ActiveCfg = Debug|Any CPU
		{08e40869-b789-ef5e-8097-5c79e60859c3}.Debug|Any CPU.Build.0 = Debug|Any CPU
		{2f461916-ea71-0c1f-7e47-448e1c7127e3}.Debug|Any CPU.ActiveCfg = Debug|Any CPU
		{2f461916-ea71-0c1f-7e47-448e1c7127e3}.Debug|Any CPU.Build.0 = Debug|Any CPU
		{71d6b934-26c6-0007-2b6b-05decf57309b}.Debug|Any CPU.ActiveCfg = Debug|Any CPU
		{71d6b934-26c6-0007-2b6b-05decf57309b}.Debug|Any CPU.Build.0 = Debug|Any CPU
	EndGlobalSection
	GlobalSection(SolutionProperties) = preSolution
		HideSolutionNode = FALSE
	EndGlobalSection
EndGlobal
